
Microsoft Visual Studio Solution File, Format Version 12.00
# Visual Studio Version 16
VisualStudioVersion = 16.0.29025.244
MinimumVisualStudioVersion = 10.0.40219.1
Project("{FAE04EC0-301F-11D3-BF4B-00C04F79EFBC}") = "MVCFinalExample", "MVCFinalExample\MVCFinalExample.csproj", "{A0144E2F-A146-40AD-9472-6614A7655EDF}"
EndProject
Global
	GlobalSection(SolutionConfigurationPlatforms) = preSolution
		Debug|Any CPU = Debug|Any CPU
		Release|Any CPU = Release|Any CPU
	EndGlobalSection
	GlobalSection(ProjectConfigurationPlatforms) = postSolution
		{A0144E2F-A146-40AD-9472-6614A7655EDF}.Debug|Any CPU.ActiveCfg = Debug|Any CPU
		{A0144E2F-A146-40AD-9472-6614A7655EDF}.Debug|Any CPU.Build.0 = Debug|Any CPU
		{A0144E2F-A146-40AD-9472-6614A7655EDF}.Release|Any CPU.ActiveCfg = Release|Any CPU
		{A0144E2F-A146-40AD-9472-6614A7655EDF}.Release|Any CPU.Build.0 = Release|Any CPU
	EndGlobalSection
	GlobalSection(SolutionProperties) = preSolution
		HideSolutionNode = FALSE
	EndGlobalSection
	GlobalSection(ExtensibilityGlobals) = postSolution
		SolutionGuid = {2764E34B-C354-42DD-B62F-BF43B348E113}
	EndGlobalSection
EndGlobal
